# THIS IS AN AUTOGENERATED FILE. DO NOT EDIT THIS FILE DIRECTLY.
# yarn lockfile v1


"@types/node@*":
  version "10.11.7"
  resolved "http://registry.npm.taobao.org/@types/node/download/@types/node-10.11.7.tgz#0e75ca9357d646ca754016ca1d68a127ad7e7300"

abab@^2.0.0:
  version "2.0.0"
  resolved "http://registry.npm.taobao.org/abab/download/abab-2.0.0.tgz#aba0ab4c5eee2d4c79d3487d85450fb2376ebb0f"

accepts@^1.3.5:
  version "1.3.5"
  resolved "http://registry.npm.taobao.org/accepts/download/accepts-1.3.5.tgz#eb777df6011723a3b14e8a72c0805c8e86746bd2"
  dependencies:
    mime-types "~2.1.18"
    negotiator "0.6.1"

acorn-globals@^4.3.0:
  version "4.3.0"
  resolved "http://registry.npm.taobao.org/acorn-globals/download/acorn-globals-4.3.0.tgz#e3b6f8da3c1552a95ae627571f7dd6923bb54103"
  dependencies:
    acorn "^6.0.1"
    acorn-walk "^6.0.1"

acorn-walk@^6.0.1:
  version "6.1.0"
  resolved "http://registry.npm.taobao.org/acorn-walk/download/acorn-walk-6.1.0.tgz#c957f4a1460da46af4a0388ce28b4c99355b0cbc"

acorn@^6.0.1, acorn@^6.0.2:
  version "6.0.2"
  resolved "http://registry.npm.taobao.org/acorn/download/acorn-6.0.2.tgz#6a459041c320ab17592c6317abbfdf4bbaa98ca4"

addressparser@^1.0.1:
  version "1.0.1"
  resolved "http://registry.npm.taobao.org/addressparser/download/addressparser-1.0.1.tgz#47afbe1a2a9262191db6838e4fd1d39b40821746"

ajv@^5.3.0:
  version "5.5.2"
  resolved "http://registry.npm.taobao.org/ajv/download/ajv-5.5.2.tgz#73b5eeca3fab653e3d3f9422b341ad42205dc965"
  dependencies:
    co "^4.6.0"
    fast-deep-equal "^1.0.0"
    fast-json-stable-stringify "^2.0.0"
    json-schema-traverse "^0.3.0"

ansi-regex@^2.1.1:
  version "2.1.1"
  resolved "http://registry.npm.taobao.org/ansi-regex/download/ansi-regex-2.1.1.tgz#c3b33ab5ee360d86e0e628f0468ae7ef27d654df"

any-promise@^1.1.0:
  version "1.3.0"
  resolved "http://registry.npm.taobao.org/any-promise/download/any-promise-1.3.0.tgz#abc6afeedcea52e809cdc0376aed3ce39635d17f"

array-equal@^1.0.0:
  version "1.0.0"
  resolved "http://registry.npm.taobao.org/array-equal/download/array-equal-1.0.0.tgz#8c2a5ef2472fd9ea742b04c77a75093ba2757c93"

array-indexofobject@~0.0.1:
  version "0.0.1"
  resolved "http://registry.npm.taobao.org/array-indexofobject/download/array-indexofobject-0.0.1.tgz#aaa128e62c9b3c358094568c219ff64fe489d42a"

asn1@~0.2.3:
  version "0.2.4"
  resolved "http://registry.npm.taobao.org/asn1/download/asn1-0.2.4.tgz#8d2475dfab553bb33e77b54e59e880bb8ce23136"
  dependencies:
    safer-buffer "~2.1.0"

assert-plus@1.0.0, assert-plus@^1.0.0:
  version "1.0.0"
  resolved "http://registry.npm.taobao.org/assert-plus/download/assert-plus-1.0.0.tgz#f12e0f3c5d77b0b1cdd9146942e4e96c1e4dd525"

async-limiter@~1.0.0:
  version "1.0.0"
  resolved "http://registry.npm.taobao.org/async-limiter/download/async-limiter-1.0.0.tgz#78faed8c3d074ab81f22b4e985d79e8738f720f8"

asynckit@^0.4.0:
  version "0.4.0"
  resolved "http://registry.npm.taobao.org/asynckit/download/asynckit-0.4.0.tgz#c79ed97f7f34cb8f2ba1bc9790bcc366474b4b79"

aws-sign2@~0.7.0:
  version "0.7.0"
  resolved "http://registry.npm.taobao.org/aws-sign2/download/aws-sign2-0.7.0.tgz#b46e890934a9591f2d2f6f86d7e6a9f1b3fe76a8"

aws4@^1.8.0:
  version "1.8.0"
  resolved "http://registry.npm.taobao.org/aws4/download/aws4-1.8.0.tgz#f0e003d9ca9e7f59c7a508945d7b2ef9a04a542f"

axios@^0.16.2:
  version "0.16.2"
  resolved "http://registry.npm.taobao.org/axios/download/axios-0.16.2.tgz#ba4f92f17167dfbab40983785454b9ac149c3c6d"
  dependencies:
    follow-redirects "^1.2.3"
    is-buffer "^1.1.5"

bcrypt-pbkdf@^1.0.0:
  version "1.0.2"
  resolved "http://registry.npm.taobao.org/bcrypt-pbkdf/download/bcrypt-pbkdf-1.0.2.tgz#a4301d389b6a43f9b67ff3ca11a3f6637e360e9e"
  dependencies:
    tweetnacl "^0.14.3"

bluebird@^3.5.0:
  version "3.5.2"
  resolved "http://registry.npm.taobao.org/bluebird/download/bluebird-3.5.2.tgz#1be0908e054a751754549c270489c1505d4ab15a"

boolbase@~1.0.0:
  version "1.0.0"
  resolved "http://registry.npm.taobao.org/boolbase/download/boolbase-1.0.0.tgz#68dff5fbe60c51eb37725ea9e3ed310dcc1e776e"

browser-process-hrtime@^0.1.2:
  version "0.1.3"
  resolved "http://registry.npm.taobao.org/browser-process-hrtime/download/browser-process-hrtime-0.1.3.tgz#616f00faef1df7ec1b5bf9cfe2bdc3170f26c7b4"

bytes@3.0.0:
  version "3.0.0"
  resolved "http://registry.npm.taobao.org/bytes/download/bytes-3.0.0.tgz#d32815404d689699f85a4ea4fa8755dd13a96048"

cache-content-type@^1.0.0:
  version "1.0.1"
  resolved "http://registry.npm.taobao.org/cache-content-type/download/cache-content-type-1.0.1.tgz#035cde2b08ee2129f4a8315ea8f00a00dba1453c"
  dependencies:
    mime-types "^2.1.18"
    ylru "^1.2.0"

caseless@~0.12.0:
  version "0.12.0"
  resolved "http://registry.npm.taobao.org/caseless/download/caseless-0.12.0.tgz#1b681c21ff84033c826543090689420d187151dc"

cheerio@^1.0.0-rc.2:
  version "1.0.0-rc.2"
  resolved "http://registry.npm.taobao.org/cheerio/download/cheerio-1.0.0-rc.2.tgz#4b9f53a81b27e4d5dac31c0ffd0cfa03cc6830db"
  dependencies:
    css-select "~1.2.0"
    dom-serializer "~0.1.0"
    entities "~1.1.1"
    htmlparser2 "^3.9.1"
    lodash "^4.15.0"
    parse5 "^3.0.1"

cli-color@^1.3.0:
  version "1.3.0"
  resolved "http://registry.npm.taobao.org/cli-color/download/cli-color-1.3.0.tgz#cd2ec212efbd1a0eeb5b017f17d4e2d15e91420f"
  dependencies:
    ansi-regex "^2.1.1"
    d "1"
    es5-ext "^0.10.46"
    es6-iterator "^2.0.3"
    memoizee "^0.4.14"
    timers-ext "^0.1.5"

co-body@^6.0.0:
  version "6.0.0"
  resolved "http://registry.npm.taobao.org/co-body/download/co-body-6.0.0.tgz#965b9337d7f5655480787471f4237664820827e3"
  dependencies:
    inflation "^2.0.0"
    qs "^6.5.2"
    raw-body "^2.3.3"
    type-is "^1.6.16"

co@^4.6.0:
  version "4.6.0"
  resolved "http://registry.npm.taobao.org/co/download/co-4.6.0.tgz#6ea6bdf3d853ae54ccb8e47bfa0bf3f9031fb184"

combined-stream@1.0.6:
  version "1.0.6"
  resolved "http://registry.npm.taobao.org/combined-stream/download/combined-stream-1.0.6.tgz#723e7df6e801ac5613113a7e445a9b69cb632818"
  dependencies:
    delayed-stream "~1.0.0"

combined-stream@~1.0.6:
  version "1.0.7"
  resolved "http://registry.npm.taobao.org/combined-stream/download/combined-stream-1.0.7.tgz#2d1d24317afb8abe95d6d2c0b07b57813539d828"
  dependencies:
    delayed-stream "~1.0.0"

content-disposition@~0.5.2:
  version "0.5.2"
  resolved "http://registry.npm.taobao.org/content-disposition/download/content-disposition-0.5.2.tgz#0cf68bb9ddf5f2be7961c3a85178cb85dba78cb4"

content-type@^1.0.4:
  version "1.0.4"
  resolved "http://registry.npm.taobao.org/content-type/download/content-type-1.0.4.tgz#e138cc75e040c727b1966fe5e5f8c9aee256fe3b"

cookies@~0.7.1:
  version "0.7.2"
  resolved "http://registry.npm.taobao.org/cookies/download/cookies-0.7.2.tgz#52736976126658af7713d7f858f7d21f99dab486"
  dependencies:
    depd "~1.1.2"
    keygrip "~1.0.2"

copy-to@^2.0.1:
  version "2.0.1"
  resolved "http://registry.npm.taobao.org/copy-to/download/copy-to-2.0.1.tgz#2680fbb8068a48d08656b6098092bdafc906f4a5"

core-util-is@1.0.2, core-util-is@~1.0.0:
  version "1.0.2"
  resolved "http://registry.npm.taobao.org/core-util-is/download/core-util-is-1.0.2.tgz#b5fd54220aa2bc5ab57aab7140c940754503c1a7"

cqhttp@^1.1.1:
  version "1.1.1"
  resolved "http://registry.npm.taobao.org/cqhttp/download/cqhttp-1.1.1.tgz#3a38759572f6deecec521b9597762a09847726f2"
  dependencies:
    axios "^0.16.2"
    koa "^2.3.0"
    koa-bodyparser "^4.2.0"
    koa-route "^3.2.0"

css-select@~1.2.0:
  version "1.2.0"
  resolved "http://registry.npm.taobao.org/css-select/download/css-select-1.2.0.tgz#2b3a110539c5355f1cd8d314623e870b121ec858"
  dependencies:
    boolbase "~1.0.0"
    css-what "2.1"
    domutils "1.5.1"
    nth-check "~1.0.1"

css-what@2.1:
  version "2.1.0"
  resolved "http://registry.npm.taobao.org/css-what/download/css-what-2.1.0.tgz#9467d032c38cfaefb9f2d79501253062f87fa1bd"

cssom@0.3.x, cssom@^0.3.4:
  version "0.3.4"
  resolved "http://registry.npm.taobao.org/cssom/download/cssom-0.3.4.tgz#8cd52e8a3acfd68d3aed38ee0a640177d2f9d797"

cssstyle@^1.1.1:
  version "1.1.1"
  resolved "http://registry.npm.taobao.org/cssstyle/download/cssstyle-1.1.1.tgz#18b038a9c44d65f7a8e428a653b9f6fe42faf5fb"
  dependencies:
    cssom "0.3.x"

d@1:
  version "1.0.0"
  resolved "http://registry.npm.taobao.org/d/download/d-1.0.0.tgz#754bb5bfe55451da69a58b94d45f4c5b0462d58f"
  dependencies:
    es5-ext "^0.10.9"

dashdash@^1.12.0:
  version "1.14.1"
  resolved "http://registry.npm.taobao.org/dashdash/download/dashdash-1.14.1.tgz#853cfa0f7cbe2fed5de20326b8dd581035f6e2f0"
  dependencies:
    assert-plus "^1.0.0"

data-urls@^1.0.1:
  version "1.0.1"
  resolved "http://registry.npm.taobao.org/data-urls/download/data-urls-1.0.1.tgz#d416ac3896918f29ca84d81085bc3705834da579"
  dependencies:
    abab "^2.0.0"
    whatwg-mimetype "^2.1.0"
    whatwg-url "^7.0.0"

debug@*:
  version "4.1.0"
  resolved "http://registry.npm.taobao.org/debug/download/debug-4.1.0.tgz#373687bffa678b38b1cd91f861b63850035ddc87"
  dependencies:
    ms "^2.1.1"

debug@=3.1.0, debug@~3.1.0:
  version "3.1.0"
  resolved "http://registry.npm.taobao.org/debug/download/debug-3.1.0.tgz#5bb5a0672628b64149566ba16819e61518c67261"
  dependencies:
    ms "2.0.0"

deep-equal@~1.0.1:
  version "1.0.1"
  resolved "http://registry.npm.taobao.org/deep-equal/download/deep-equal-1.0.1.tgz#f5d260292b660e084eff4cdbc9f08ad3247448b5"

deep-is@~0.1.3:
  version "0.1.3"
  resolved "http://registry.npm.taobao.org/deep-is/download/deep-is-0.1.3.tgz#b369d6fb5dbc13eecf524f91b070feedc357cf34"

delayed-stream@~1.0.0:
  version "1.0.0"
  resolved "http://registry.npm.taobao.org/delayed-stream/download/delayed-stream-1.0.0.tgz#df3ae199acadfb7d440aaae0b29e2272b24ec619"

delegates@^1.0.0:
  version "1.0.0"
  resolved "http://registry.npm.taobao.org/delegates/download/delegates-1.0.0.tgz#84c6e159b81904fdca59a0ef44cd870d31250f9a"

depd@^1.1.2, depd@~1.1.2:
  version "1.1.2"
  resolved "http://registry.npm.taobao.org/depd/download/depd-1.1.2.tgz#9bcd52e14c097763e749b274c4346ed2e560b5a9"

destroy@^1.0.4:
  version "1.0.4"
  resolved "http://registry.npm.taobao.org/destroy/download/destroy-1.0.4.tgz#978857442c44749e4206613e37946205826abd80"

dom-serializer@0, dom-serializer@~0.1.0:
  version "0.1.0"
  resolved "http://registry.npm.taobao.org/dom-serializer/download/dom-serializer-0.1.0.tgz#073c697546ce0780ce23be4a28e293e40bc30c82"
  dependencies:
    domelementtype "~1.1.1"
    entities "~1.1.1"

domelementtype@1, domelementtype@^1.3.0:
  version "1.3.0"
  resolved "http://registry.npm.taobao.org/domelementtype/download/domelementtype-1.3.0.tgz#b17aed82e8ab59e52dd9c19b1756e0fc187204c2"

domelementtype@~1.1.1:
  version "1.1.3"
  resolved "http://registry.npm.taobao.org/domelementtype/download/domelementtype-1.1.3.tgz#bd28773e2642881aec51544924299c5cd822185b"

domexception@^1.0.1:
  version "1.0.1"
  resolved "http://registry.npm.taobao.org/domexception/download/domexception-1.0.1.tgz#937442644ca6a31261ef36e3ec677fe805582c90"
  dependencies:
    webidl-conversions "^4.0.2"

domhandler@^2.3.0:
  version "2.4.2"
  resolved "http://registry.npm.taobao.org/domhandler/download/domhandler-2.4.2.tgz#8805097e933d65e85546f726d60f5eb88b44f803"
  dependencies:
    domelementtype "1"

domutils@1.5.1:
  version "1.5.1"
  resolved "http://registry.npm.taobao.org/domutils/download/domutils-1.5.1.tgz#dcd8488a26f563d61079e48c9f7b7e32373682cf"
  dependencies:
    dom-serializer "0"
    domelementtype "1"

domutils@^1.5.1:
  version "1.7.0"
  resolved "http://registry.npm.taobao.org/domutils/download/domutils-1.7.0.tgz#56ea341e834e06e6748af7a1cb25da67ea9f8c2a"
  dependencies:
    dom-serializer "0"
    domelementtype "1"

ecc-jsbn@~0.1.1:
  version "0.1.2"
  resolved "http://registry.npm.taobao.org/ecc-jsbn/download/ecc-jsbn-0.1.2.tgz#3a83a904e54353287874c564b7549386849a98c9"
  dependencies:
    jsbn "~0.1.0"
    safer-buffer "^2.1.0"

ee-first@1.1.1:
  version "1.1.1"
  resolved "http://registry.npm.taobao.org/ee-first/download/ee-first-1.1.1.tgz#590c61156b0ae2f4f0255732a158b266bc56b21d"

entities@^1.1.1, entities@~1.1.1:
  version "1.1.1"
  resolved "http://registry.npm.taobao.org/entities/download/entities-1.1.1.tgz#6e5c2d0a5621b5dadaecef80b90edfb5cd7772f0"

error-inject@^1.0.0:
  version "1.0.0"
  resolved "http://registry.npm.taobao.org/error-inject/download/error-inject-1.0.0.tgz#e2b3d91b54aed672f309d950d154850fa11d4f37"

es5-ext@^0.10.14, es5-ext@^0.10.35, es5-ext@^0.10.45, es5-ext@^0.10.46, es5-ext@^0.10.9, es5-ext@~0.10.14, es5-ext@~0.10.2, es5-ext@~0.10.46:
  version "0.10.46"
  resolved "http://registry.npm.taobao.org/es5-ext/download/es5-ext-0.10.46.tgz#efd99f67c5a7ec789baa3daa7f79870388f7f572"
  dependencies:
    es6-iterator "~2.0.3"
    es6-symbol "~3.1.1"
    next-tick "1"

es6-iterator@^2.0.1, es6-iterator@^2.0.3, es6-iterator@~2.0.3:
  version "2.0.3"
  resolved "http://registry.npm.taobao.org/es6-iterator/download/es6-iterator-2.0.3.tgz#a7de889141a05a94b0854403b2d0a0fbfa98f3b7"
  dependencies:
    d "1"
    es5-ext "^0.10.35"
    es6-symbol "^3.1.1"

es6-symbol@^3.1.1, es6-symbol@~3.1.1:
  version "3.1.1"
  resolved "http://registry.npm.taobao.org/es6-symbol/download/es6-symbol-3.1.1.tgz#bf00ef4fdab6ba1b46ecb7b629b4c7ed5715cc77"
  dependencies:
    d "1"
    es5-ext "~0.10.14"

es6-weak-map@^2.0.2:
  version "2.0.2"
  resolved "http://registry.npm.taobao.org/es6-weak-map/download/es6-weak-map-2.0.2.tgz#5e3ab32251ffd1538a1f8e5ffa1357772f92d96f"
  dependencies:
    d "1"
    es5-ext "^0.10.14"
    es6-iterator "^2.0.1"
    es6-symbol "^3.1.1"

escape-html@^1.0.3:
  version "1.0.3"
  resolved "http://registry.npm.taobao.org/escape-html/download/escape-html-1.0.3.tgz#0258eae4d3d0c0974de1c169188ef0051d1d1988"

escodegen@^1.11.0:
  version "1.11.0"
  resolved "http://registry.npm.taobao.org/escodegen/download/escodegen-1.11.0.tgz#b27a9389481d5bfd5bec76f7bb1eb3f8f4556589"
  dependencies:
    esprima "^3.1.3"
    estraverse "^4.2.0"
    esutils "^2.0.2"
    optionator "^0.8.1"
  optionalDependencies:
    source-map "~0.6.1"

esprima@^3.1.3:
  version "3.1.3"
  resolved "http://registry.npm.taobao.org/esprima/download/esprima-3.1.3.tgz#fdca51cee6133895e3c88d535ce49dbff62a4633"

estraverse@^4.2.0:
  version "4.2.0"
  resolved "http://registry.npm.taobao.org/estraverse/download/estraverse-4.2.0.tgz#0dee3fed31fcd469618ce7342099fc1afa0bdb13"

esutils@^2.0.2:
  version "2.0.2"
  resolved "http://registry.npm.taobao.org/esutils/download/esutils-2.0.2.tgz#0abf4f1caa5bcb1f7a9d8acc6dea4faaa04bac9b"

event-emitter@^0.3.5:
  version "0.3.5"
  resolved "http://registry.npm.taobao.org/event-emitter/download/event-emitter-0.3.5.tgz#df8c69eef1647923c7157b9ce83840610b02cc39"
  dependencies:
    d "1"
    es5-ext "~0.10.14"

extend@~3.0.2:
  version "3.0.2"
  resolved "http://registry.npm.taobao.org/extend/download/extend-3.0.2.tgz#f8b1136b4071fbd8eb140aff858b1019ec2915fa"

extsprintf@1.3.0:
  version "1.3.0"
  resolved "http://registry.npm.taobao.org/extsprintf/download/extsprintf-1.3.0.tgz#96918440e3041a7a414f8c52e3c574eb3c3e1e05"

extsprintf@^1.2.0:
  version "1.4.0"
  resolved "http://registry.npm.taobao.org/extsprintf/download/extsprintf-1.4.0.tgz#e2689f8f356fad62cca65a3a91c5df5f9551692f"

fast-deep-equal@^1.0.0:
  version "1.1.0"
  resolved "http://registry.npm.taobao.org/fast-deep-equal/download/fast-deep-equal-1.1.0.tgz#c053477817c86b51daa853c81e059b733d023614"

fast-json-stable-stringify@^2.0.0:
  version "2.0.0"
  resolved "http://registry.npm.taobao.org/fast-json-stable-stringify/download/fast-json-stable-stringify-2.0.0.tgz#d5142c0caee6b1189f87d3a76111064f86c8bbf2"

fast-levenshtein@~2.0.4:
  version "2.0.6"
  resolved "http://registry.npm.taobao.org/fast-levenshtein/download/fast-levenshtein-2.0.6.tgz#3d8a5c66883a16a30ca8643e851f19baa7797917"

feedparser@^2.2.9:
  version "2.2.9"
  resolved "http://registry.npm.taobao.org/feedparser/download/feedparser-2.2.9.tgz#9138197dafdae05fcadde0036beeaf6066c2c5e9"
  dependencies:
    addressparser "^1.0.1"
    array-indexofobject "~0.0.1"
    lodash.assign "^4.2.0"
    lodash.get "^4.4.2"
    lodash.has "^4.5.2"
    lodash.uniq "^4.5.0"
    mri "^1.1.0"
    readable-stream "^2.2.2"
    sax "^1.2.4"

follow-redirects@^1.2.3:
  version "1.5.9"
  resolved "http://registry.npm.taobao.org/follow-redirects/download/follow-redirects-1.5.9.tgz#c9ed9d748b814a39535716e531b9196a845d89c6"
  dependencies:
    debug "=3.1.0"

forever-agent@~0.6.1:
  version "0.6.1"
  resolved "http://registry.npm.taobao.org/forever-agent/download/forever-agent-0.6.1.tgz#fbc71f0c41adeb37f96c577ad1ed42d8fdacca91"

form-data@~2.3.2:
  version "2.3.2"
  resolved "http://registry.npm.taobao.org/form-data/download/form-data-2.3.2.tgz#4970498be604c20c005d4f5c23aecd21d6b49099"
  dependencies:
    asynckit "^0.4.0"
    combined-stream "1.0.6"
    mime-types "^2.1.12"

fresh@~0.5.2:
  version "0.5.2"
  resolved "http://registry.npm.taobao.org/fresh/download/fresh-0.5.2.tgz#3d8cadd90d976569fa835ab1f8e4b23a105605a7"

getpass@^0.1.1:
  version "0.1.7"
  resolved "http://registry.npm.taobao.org/getpass/download/getpass-0.1.7.tgz#5eff8e3e684d569ae4cb2b1282604e8ba62149fa"
  dependencies:
    assert-plus "^1.0.0"

har-schema@^2.0.0:
  version "2.0.0"
  resolved "http://registry.npm.taobao.org/har-schema/download/har-schema-2.0.0.tgz#a94c2224ebcac04782a0d9035521f24735b7ec92"

har-validator@~5.1.0:
  version "5.1.0"
  resolved "http://registry.npm.taobao.org/har-validator/download/har-validator-5.1.0.tgz#44657f5688a22cfd4b72486e81b3a3fb11742c29"
  dependencies:
    ajv "^5.3.0"
    har-schema "^2.0.0"

html-encoding-sniffer@^1.0.2:
  version "1.0.2"
  resolved "http://registry.npm.taobao.org/html-encoding-sniffer/download/html-encoding-sniffer-1.0.2.tgz#e70d84b94da53aa375e11fe3a351be6642ca46f8"
  dependencies:
    whatwg-encoding "^1.0.1"

htmlparser2@^3.9.1:
  version "3.9.2"
  resolved "http://registry.npm.taobao.org/htmlparser2/download/htmlparser2-3.9.2.tgz#1bdf87acca0f3f9e53fa4fcceb0f4b4cbb00b338"
  dependencies:
    domelementtype "^1.3.0"
    domhandler "^2.3.0"
    domutils "^1.5.1"
    entities "^1.1.1"
    inherits "^2.0.1"
    readable-stream "^2.0.2"

http-assert@^1.3.0:
  version "1.4.0"
  resolved "http://registry.npm.taobao.org/http-assert/download/http-assert-1.4.0.tgz#0e550b4fca6adf121bbeed83248c17e62f593a9a"
  dependencies:
    deep-equal "~1.0.1"
    http-errors "~1.7.1"

http-errors@1.6.3:
  version "1.6.3"
  resolved "http://registry.npm.taobao.org/http-errors/download/http-errors-1.6.3.tgz#8b55680bb4be283a0b5bf4ea2e38580be1d9320d"
  dependencies:
    depd "~1.1.2"
    inherits "2.0.3"
    setprototypeof "1.1.0"
    statuses ">= 1.4.0 < 2"

http-errors@^1.6.3, http-errors@~1.7.1:
  version "1.7.1"
  resolved "http://registry.npm.taobao.org/http-errors/download/http-errors-1.7.1.tgz#6a4ffe5d35188e1c39f872534690585852e1f027"
  dependencies:
    depd "~1.1.2"
    inherits "2.0.3"
    setprototypeof "1.1.0"
    statuses ">= 1.5.0 < 2"
    toidentifier "1.0.0"

http-signature@~1.2.0:
  version "1.2.0"
  resolved "http://registry.npm.taobao.org/http-signature/download/http-signature-1.2.0.tgz#9aecd925114772f3d95b65a60abb8f7c18fbace1"
  dependencies:
    assert-plus "^1.0.0"
    jsprim "^1.2.2"
    sshpk "^1.7.0"

iconv-lite@0.4.23:
  version "0.4.23"
  resolved "http://registry.npm.taobao.org/iconv-lite/download/iconv-lite-0.4.23.tgz#297871f63be507adcfbfca715d0cd0eed84e9a63"
  dependencies:
    safer-buffer ">= 2.1.2 < 3"

iconv-lite@0.4.24:
  version "0.4.24"
  resolved "http://registry.npm.taobao.org/iconv-lite/download/iconv-lite-0.4.24.tgz#2022b4b25fbddc21d2f524974a474aafe733908b"
  dependencies:
    safer-buffer ">= 2.1.2 < 3"

inflation@^2.0.0:
  version "2.0.0"
  resolved "http://registry.npm.taobao.org/inflation/download/inflation-2.0.0.tgz#8b417e47c28f925a45133d914ca1fd389107f30f"

inherits@2.0.3, inherits@^2.0.1, inherits@~2.0.3:
  version "2.0.3"
  resolved "http://registry.npm.taobao.org/inherits/download/inherits-2.0.3.tgz#633c2c83e3da42a502f52466022480f4208261de"

ip-address@~5.8.0:
  version "5.8.9"
  resolved "http://registry.npm.taobao.org/ip-address/download/ip-address-5.8.9.tgz#6379277c23fc5adb20511e4d23ec2c1bde105dfd"
  dependencies:
    jsbn "1.1.0"
    lodash.find "^4.6.0"
    lodash.max "^4.0.1"
    lodash.merge "^4.6.0"
    lodash.padstart "^4.6.1"
    lodash.repeat "^4.1.0"
    sprintf-js "1.1.0"

is-buffer@^1.1.5:
  version "1.1.6"
  resolved "http://registry.npm.taobao.org/is-buffer/download/is-buffer-1.1.6.tgz#efaa2ea9daa0d7ab2ea13a97b2b8ad51fefbe8be"

is-generator-function@^1.0.7:
  version "1.0.7"
  resolved "http://registry.npm.taobao.org/is-generator-function/download/is-generator-function-1.0.7.tgz#d2132e529bb0000a7f80794d4bdf5cd5e5813522"

is-promise@^2.1:
  version "2.1.0"
  resolved "http://registry.npm.taobao.org/is-promise/download/is-promise-2.1.0.tgz#79a2a9ece7f096e80f36d2b2f3bc16c1ff4bf3fa"

is-typedarray@~1.0.0:
  version "1.0.0"
  resolved "http://registry.npm.taobao.org/is-typedarray/download/is-typedarray-1.0.0.tgz#e479c80858df0c1b11ddda6940f96011fcda4a9a"

isarray@0.0.1:
  version "0.0.1"
  resolved "http://registry.npm.taobao.org/isarray/download/isarray-0.0.1.tgz#8a18acfca9a8f4177e09abfc6038939b05d1eedf"

isarray@~1.0.0:
  version "1.0.0"
  resolved "http://registry.npm.taobao.org/isarray/download/isarray-1.0.0.tgz#bb935d48582cba168c06834957a54a3e07124f11"

isstream@~0.1.2:
  version "0.1.2"
  resolved "http://registry.npm.taobao.org/isstream/download/isstream-0.1.2.tgz#47e63f7af55afa6f92e1500e690eb8b8529c099a"

js-md5@^0.7.3:
  version "0.7.3"
  resolved "http://registry.npm.taobao.org/js-md5/download/js-md5-0.7.3.tgz#b4f2fbb0b327455f598d6727e38ec272cd09c3f2"

jsbn@1.1.0:
  version "1.1.0"
  resolved "http://registry.npm.taobao.org/jsbn/download/jsbn-1.1.0.tgz#b01307cb29b618a1ed26ec79e911f803c4da0040"

jsbn@~0.1.0:
  version "0.1.1"
  resolved "http://registry.npm.taobao.org/jsbn/download/jsbn-0.1.1.tgz#a5e654c2e5a2deb5f201d96cefbca80c0ef2f513"

jsdom@^12.2.0:
  version "12.2.0"
  resolved "http://registry.npm.taobao.org/jsdom/download/jsdom-12.2.0.tgz#7cf3f5b5eafd47f8f09ca52315d367ff6e95de23"
  dependencies:
    abab "^2.0.0"
    acorn "^6.0.2"
    acorn-globals "^4.3.0"
    array-equal "^1.0.0"
    cssom "^0.3.4"
    cssstyle "^1.1.1"
    data-urls "^1.0.1"
    domexception "^1.0.1"
    escodegen "^1.11.0"
    html-encoding-sniffer "^1.0.2"
    nwsapi "^2.0.9"
    parse5 "5.1.0"
    pn "^1.1.0"
    request "^2.88.0"
    request-promise-native "^1.0.5"
    saxes "^3.1.3"
    symbol-tree "^3.2.2"
    tough-cookie "^2.4.3"
    w3c-hr-time "^1.0.1"
    webidl-conversions "^4.0.2"
    whatwg-encoding "^1.0.5"
    whatwg-mimetype "^2.2.0"
    whatwg-url "^7.0.0"
    ws "^6.1.0"
    xml-name-validator "^3.0.0"

json-schema-traverse@^0.3.0:
  version "0.3.1"
  resolved "http://registry.npm.taobao.org/json-schema-traverse/download/json-schema-traverse-0.3.1.tgz#349a6d44c53a51de89b40805c5d5e59b417d3340"

json-schema@0.2.3:
  version "0.2.3"
  resolved "http://registry.npm.taobao.org/json-schema/download/json-schema-0.2.3.tgz#b480c892e59a2f05954ce727bd3f2a4e882f9e13"

json-stringify-safe@~5.0.1:
  version "5.0.1"
  resolved "http://registry.npm.taobao.org/json-stringify-safe/download/json-stringify-safe-5.0.1.tgz#1296a2d58fd45f19a0f6ce01d65701e2c735b6eb"

jsprim@^1.2.2:
  version "1.4.1"
  resolved "http://registry.npm.taobao.org/jsprim/download/jsprim-1.4.1.tgz#313e66bc1e5cc06e438bc1b7499c2e5c56acb6a2"
  dependencies:
    assert-plus "1.0.0"
    extsprintf "1.3.0"
    json-schema "0.2.3"
    verror "1.10.0"

keygrip@~1.0.2:
  version "1.0.3"
  resolved "http://registry.npm.taobao.org/keygrip/download/keygrip-1.0.3.tgz#399d709f0aed2bab0a059e0cdd3a5023a053e1dc"

koa-bodyparser@^4.2.0:
  version "4.2.1"
  resolved "http://registry.npm.taobao.org/koa-bodyparser/download/koa-bodyparser-4.2.1.tgz#4d7dacb5e6db1106649b595d9e5ccb158b6f3b29"
  dependencies:
    co-body "^6.0.0"
    copy-to "^2.0.1"

koa-compose@^3.0.0:
  version "3.2.1"
  resolved "http://registry.npm.taobao.org/koa-compose/download/koa-compose-3.2.1.tgz#a85ccb40b7d986d8e5a345b3a1ace8eabcf54de7"
  dependencies:
    any-promise "^1.1.0"

koa-compose@^4.1.0:
  version "4.1.0"
  resolved "http://registry.npm.taobao.org/koa-compose/download/koa-compose-4.1.0.tgz#507306b9371901db41121c812e923d0d67d3e877"

koa-convert@^1.2.0:
  version "1.2.0"
  resolved "http://registry.npm.taobao.org/koa-convert/download/koa-convert-1.2.0.tgz#da40875df49de0539098d1700b50820cebcd21d0"
  dependencies:
    co "^4.6.0"
    koa-compose "^3.0.0"

koa-is-json@^1.0.0:
  version "1.0.0"
  resolved "http://registry.npm.taobao.org/koa-is-json/download/koa-is-json-1.0.0.tgz#273c07edcdcb8df6a2c1ab7d59ee76491451ec14"

koa-route@^3.2.0:
  version "3.2.0"
  resolved "http://registry.npm.taobao.org/koa-route/download/koa-route-3.2.0.tgz#76298b99a6bcfa9e38cab6fe5c79a8733e758bce"
  dependencies:
    debug "*"
    methods "~1.1.0"
    path-to-regexp "^1.2.0"

koa@^2.3.0, koa@^2.5.3:
  version "2.5.3"
  resolved "http://registry.npm.taobao.org/koa/download/koa-2.5.3.tgz#0b0c37eee3aac807a0a6ad36bc0b8660f12d83f1"
  dependencies:
    accepts "^1.3.5"
    cache-content-type "^1.0.0"
    content-disposition "~0.5.2"
    content-type "^1.0.4"
    cookies "~0.7.1"
    debug "~3.1.0"
    delegates "^1.0.0"
    depd "^1.1.2"
    destroy "^1.0.4"
    error-inject "^1.0.0"
    escape-html "^1.0.3"
    fresh "~0.5.2"
    http-assert "^1.3.0"
    http-errors "^1.6.3"
    is-generator-function "^1.0.7"
    koa-compose "^4.1.0"
    koa-convert "^1.2.0"
    koa-is-json "^1.0.0"
    on-finished "^2.3.0"
    only "~0.0.2"
    parseurl "^1.3.2"
    statuses "^1.5.0"
    type-is "^1.6.16"
    vary "^1.1.2"

levn@~0.3.0:
  version "0.3.0"
  resolved "http://registry.npm.taobao.org/levn/download/levn-0.3.0.tgz#3b09924edf9f083c0490fdd4c0bc4421e04764ee"
  dependencies:
    prelude-ls "~1.1.2"
    type-check "~0.3.2"

lodash.assign@^4.2.0:
  version "4.2.0"
  resolved "http://registry.npm.taobao.org/lodash.assign/download/lodash.assign-4.2.0.tgz#0d99f3ccd7a6d261d19bdaeb9245005d285808e7"

lodash.find@^4.6.0:
  version "4.6.0"
  resolved "http://registry.npm.taobao.org/lodash.find/download/lodash.find-4.6.0.tgz#cb0704d47ab71789ffa0de8b97dd926fb88b13b1"

lodash.get@^4.4.2:
  version "4.4.2"
  resolved "http://registry.npm.taobao.org/lodash.get/download/lodash.get-4.4.2.tgz#2d177f652fa31e939b4438d5341499dfa3825e99"

lodash.has@^4.5.2:
  version "4.5.2"
  resolved "http://registry.npm.taobao.org/lodash.has/download/lodash.has-4.5.2.tgz#d19f4dc1095058cccbe2b0cdf4ee0fe4aa37c862"

lodash.max@^4.0.1:
  version "4.0.1"
  resolved "http://registry.npm.taobao.org/lodash.max/download/lodash.max-4.0.1.tgz#8735566c618b35a9f760520b487ae79658af136a"

lodash.merge@^4.6.0:
  version "4.6.1"
  resolved "http://registry.npm.taobao.org/lodash.merge/download/lodash.merge-4.6.1.tgz#adc25d9cb99b9391c59624f379fbba60d7111d54"

lodash.padstart@^4.6.1:
  version "4.6.1"
  resolved "http://registry.npm.taobao.org/lodash.padstart/download/lodash.padstart-4.6.1.tgz#d2e3eebff0d9d39ad50f5cbd1b52a7bce6bb611b"

lodash.repeat@^4.1.0:
  version "4.1.0"
  resolved "http://registry.npm.taobao.org/lodash.repeat/download/lodash.repeat-4.1.0.tgz#fc7de8131d8c8ac07e4b49f74ffe829d1f2bec44"

lodash.sortby@^4.7.0:
  version "4.7.0"
  resolved "http://registry.npm.taobao.org/lodash.sortby/download/lodash.sortby-4.7.0.tgz#edd14c824e2cc9c1e0b0a1b42bb5210516a42438"

lodash.uniq@^4.5.0:
  version "4.5.0"
  resolved "http://registry.npm.taobao.org/lodash.uniq/download/lodash.uniq-4.5.0.tgz#d0225373aeb652adc1bc82e4945339a842754773"

lodash@^4.13.1, lodash@^4.15.0:
  version "4.17.11"
  resolved "http://registry.npm.taobao.org/lodash/download/lodash-4.17.11.tgz#b39ea6229ef607ecd89e2c8df12536891cac9b8d"

lru-queue@0.1:
  version "0.1.0"
  resolved "http://registry.npm.taobao.org/lru-queue/download/lru-queue-0.1.0.tgz#2738bd9f0d3cf4f84490c5736c48699ac632cda3"
  dependencies:
    es5-ext "~0.10.2"

media-typer@0.3.0:
  version "0.3.0"
  resolved "http://registry.npm.taobao.org/media-typer/download/media-typer-0.3.0.tgz#8710d7af0aa626f8fffa1ce00168545263255748"

memoizee@^0.4.14:
  version "0.4.14"
  resolved "http://registry.npm.taobao.org/memoizee/download/memoizee-0.4.14.tgz#07a00f204699f9a95c2d9e77218271c7cd610d57"
  dependencies:
    d "1"
    es5-ext "^0.10.45"
    es6-weak-map "^2.0.2"
    event-emitter "^0.3.5"
    is-promise "^2.1"
    lru-queue "0.1"
    next-tick "1"
    timers-ext "^0.1.5"

methods@~1.1.0:
  version "1.1.2"
  resolved "http://registry.npm.taobao.org/methods/download/methods-1.1.2.tgz#5529a4d67654134edcc5266656835b0f851afcee"

mime-db@~1.36.0:
  version "1.36.0"
  resolved "http://registry.npm.taobao.org/mime-db/download/mime-db-1.36.0.tgz#5020478db3c7fe93aad7bbcc4dcf869c43363397"

mime-types@^2.1.12, mime-types@^2.1.18, mime-types@~2.1.18, mime-types@~2.1.19:
  version "2.1.20"
  resolved "http://registry.npm.taobao.org/mime-types/download/mime-types-2.1.20.tgz#930cb719d571e903738520f8470911548ca2cc19"
  dependencies:
    mime-db "~1.36.0"

mri@^1.1.0:
  version "1.1.1"
  resolved "http://registry.npm.taobao.org/mri/download/mri-1.1.1.tgz#85aa26d3daeeeedf80dc5984af95cc5ca5cad9f1"

ms@2.0.0:
  version "2.0.0"
  resolved "http://registry.npm.taobao.org/ms/download/ms-2.0.0.tgz#5608aeadfc00be6c2901df5f9861788de0d597c8"

ms@^2.1.1:
  version "2.1.1"
  resolved "http://registry.npm.taobao.org/ms/download/ms-2.1.1.tgz#30a5864eb3ebb0a66f2ebe6d727af06a09d86e0a"

negotiator@0.6.1:
  version "0.6.1"
  resolved "http://registry.npm.taobao.org/negotiator/download/negotiator-0.6.1.tgz#2b327184e8992101177b28563fb5e7102acd0ca9"

next-tick@1:
  version "1.0.0"
  resolved "http://registry.npm.taobao.org/next-tick/download/next-tick-1.0.0.tgz#ca86d1fe8828169b0120208e3dc8424b9db8342c"

nth-check@~1.0.1:
  version "1.0.1"
  resolved "http://registry.npm.taobao.org/nth-check/download/nth-check-1.0.1.tgz#9929acdf628fc2c41098deab82ac580cf149aae4"
  dependencies:
    boolbase "~1.0.0"

nwsapi@^2.0.9:
  version "2.0.9"
  resolved "http://registry.npm.taobao.org/nwsapi/download/nwsapi-2.0.9.tgz#77ac0cdfdcad52b6a1151a84e73254edc33ed016"

oauth-sign@~0.9.0:
  version "0.9.0"
  resolved "http://registry.npm.taobao.org/oauth-sign/download/oauth-sign-0.9.0.tgz#47a7b016baa68b5fa0ecf3dee08a85c679ac6455"

on-finished@^2.3.0:
  version "2.3.0"
  resolved "http://registry.npm.taobao.org/on-finished/download/on-finished-2.3.0.tgz#20f1336481b083cd75337992a16971aa2d906947"
  dependencies:
    ee-first "1.1.1"

only@~0.0.2:
  version "0.0.2"
  resolved "http://registry.npm.taobao.org/only/download/only-0.0.2.tgz#2afde84d03e50b9a8edc444e30610a70295edfb4"

optionator@^0.8.1:
  version "0.8.2"
  resolved "http://registry.npm.taobao.org/optionator/download/optionator-0.8.2.tgz#364c5e409d3f4d6301d6c0b4c05bba50180aeb64"
  dependencies:
    deep-is "~0.1.3"
    fast-levenshtein "~2.0.4"
    levn "~0.3.0"
    prelude-ls "~1.1.2"
    type-check "~0.3.2"
    wordwrap "~1.0.0"

parse5@5.1.0:
  version "5.1.0"
  resolved "http://registry.npm.taobao.org/parse5/download/parse5-5.1.0.tgz#c59341c9723f414c452975564c7c00a68d58acd2"

parse5@^3.0.1:
  version "3.0.3"
  resolved "http://registry.npm.taobao.org/parse5/download/parse5-3.0.3.tgz#042f792ffdd36851551cf4e9e066b3874ab45b5c"
  dependencies:
    "@types/node" "*"

parseurl@^1.3.2:
  version "1.3.2"
  resolved "http://registry.npm.taobao.org/parseurl/download/parseurl-1.3.2.tgz#fc289d4ed8993119460c156253262cdc8de65bf3"

path-to-regexp@^1.2.0:
  version "1.7.0"
  resolved "http://registry.npm.taobao.org/path-to-regexp/download/path-to-regexp-1.7.0.tgz#59fde0f435badacba103a84e9d3bc64e96b9937d"
  dependencies:
    isarray "0.0.1"

performance-now@^2.1.0:
  version "2.1.0"
  resolved "http://registry.npm.taobao.org/performance-now/download/performance-now-2.1.0.tgz#6309f4e0e5fa913ec1c69307ae364b4b377c9e7b"

pn@^1.1.0:
  version "1.1.0"
  resolved "http://registry.npm.taobao.org/pn/download/pn-1.1.0.tgz#e2f4cef0e219f463c179ab37463e4e1ecdccbafb"

prelude-ls@~1.1.2:
  version "1.1.2"
  resolved "http://registry.npm.taobao.org/prelude-ls/download/prelude-ls-1.1.2.tgz#21932a549f5e52ffd9a827f570e04be62a97da54"

process-nextick-args@~2.0.0:
  version "2.0.0"
  resolved "http://registry.npm.taobao.org/process-nextick-args/download/process-nextick-args-2.0.0.tgz#a37d732f4271b4ab1ad070d35508e8290788ffaa"

psl@^1.1.24:
  version "1.1.29"
  resolved "http://registry.npm.taobao.org/psl/download/psl-1.1.29.tgz#60f580d360170bb722a797cc704411e6da850c67"

punycode@^1.4.1:
  version "1.4.1"
  resolved "http://registry.npm.taobao.org/punycode/download/punycode-1.4.1.tgz#c0d5a63b2718800ad8e1eb0fa5269c84dd41845e"

punycode@^2.1.0:
  version "2.1.1"
  resolved "http://registry.npm.taobao.org/punycode/download/punycode-2.1.1.tgz#b58b010ac40c22c5657616c8d2c2c02c7bf479ec"

qs@^6.5.2, qs@~6.5.2:
  version "6.5.2"
  resolved "http://registry.npm.taobao.org/qs/download/qs-6.5.2.tgz#cb3ae806e8740444584ef154ce8ee98d403f3e36"

raw-body@^2.3.3:
  version "2.3.3"
  resolved "http://registry.npm.taobao.org/raw-body/download/raw-body-2.3.3.tgz#1b324ece6b5706e153855bc1148c65bb7f6ea0c3"
  dependencies:
    bytes "3.0.0"
    http-errors "1.6.3"
    iconv-lite "0.4.23"
    unpipe "1.0.0"

readable-stream@^2.0.2, readable-stream@^2.2.2:
  version "2.3.6"
  resolved "http://registry.npm.taobao.org/readable-stream/download/readable-stream-2.3.6.tgz#b11c27d88b8ff1fbe070643cf94b0c79ae1b0aaf"
  dependencies:
    core-util-is "~1.0.0"
    inherits "~2.0.3"
    isarray "~1.0.0"
    process-nextick-args "~2.0.0"
    safe-buffer "~5.1.1"
    string_decoder "~1.1.1"
    util-deprecate "~1.0.1"

request-promise-core@1.1.1:
  version "1.1.1"
  resolved "http://registry.npm.taobao.org/request-promise-core/download/request-promise-core-1.1.1.tgz#3eee00b2c5aa83239cfb04c5700da36f81cd08b6"
  dependencies:
    lodash "^4.13.1"

request-promise-native@^1.0.5:
  version "1.0.5"
  resolved "http://registry.npm.taobao.org/request-promise-native/download/request-promise-native-1.0.5.tgz#5281770f68e0c9719e5163fd3fab482215f4fda5"
  dependencies:
    request-promise-core "1.1.1"
    stealthy-require "^1.1.0"
    tough-cookie ">=2.3.3"

request-promise@^4.2.2:
  version "4.2.2"
  resolved "http://registry.npm.taobao.org/request-promise/download/request-promise-4.2.2.tgz#d1ea46d654a6ee4f8ee6a4fea1018c22911904b4"
  dependencies:
    bluebird "^3.5.0"
    request-promise-core "1.1.1"
    stealthy-require "^1.1.0"
    tough-cookie ">=2.3.3"

request@^2.88.0:
  version "2.88.0"
  resolved "http://registry.npm.taobao.org/request/download/request-2.88.0.tgz#9c2fca4f7d35b592efe57c7f0a55e81052124fef"
  dependencies:
    aws-sign2 "~0.7.0"
    aws4 "^1.8.0"
    caseless "~0.12.0"
    combined-stream "~1.0.6"
    extend "~3.0.2"
    forever-agent "~0.6.1"
    form-data "~2.3.2"
    har-validator "~5.1.0"
    http-signature "~1.2.0"
    is-typedarray "~1.0.0"
    isstream "~0.1.2"
    json-stringify-safe "~5.0.1"
    mime-types "~2.1.19"
    oauth-sign "~0.9.0"
    performance-now "^2.1.0"
    qs "~6.5.2"
    safe-buffer "^5.1.2"
    tough-cookie "~2.4.3"
    tunnel-agent "^0.6.0"
    uuid "^3.3.2"

safe-buffer@^5.0.1, safe-buffer@^5.1.2, safe-buffer@~5.1.0, safe-buffer@~5.1.1:
  version "5.1.2"
  resolved "http://registry.npm.taobao.org/safe-buffer/download/safe-buffer-5.1.2.tgz#991ec69d296e0313747d59bdfd2b745c35f8828d"

"safer-buffer@>= 2.1.2 < 3", safer-buffer@^2.0.2, safer-buffer@^2.1.0, safer-buffer@~2.1.0:
  version "2.1.2"
  resolved "http://registry.npm.taobao.org/safer-buffer/download/safer-buffer-2.1.2.tgz#44fa161b0187b9549dd84bb91802f9bd8385cd6a"

sax@^1.2.4:
  version "1.2.4"
  resolved "http://registry.npm.taobao.org/sax/download/sax-1.2.4.tgz#2816234e2378bddc4e5354fab5caa895df7100d9"

saxes@^3.1.3:
  version "3.1.3"
  resolved "http://registry.npm.taobao.org/saxes/download/saxes-3.1.3.tgz#334ab3b802a465ccda96fff9bdefbd505546ffa8"
  dependencies:
    xmlchars "^1.3.1"

setprototypeof@1.1.0:
  version "1.1.0"
  resolved "http://registry.npm.taobao.org/setprototypeof/download/setprototypeof-1.1.0.tgz#d0bd85536887b6fe7c0d818cb962d9d91c54e656"

socks5-client@~1.2.3, socks5-client@~1.2.6:
  version "1.2.6"
  resolved "http://registry.npm.taobao.org/socks5-client/download/socks5-client-1.2.6.tgz#05b7d695bcdce56d2cbcde2c8d731c20cf87a253"
  dependencies:
    ip-address "~5.8.0"

socks5-http-client@^1.0.4:
  version "1.0.4"
  resolved "http://registry.npm.taobao.org/socks5-http-client/download/socks5-http-client-1.0.4.tgz#cfaaa993f91df58542806b458372c6fb3c1a32bd"
  dependencies:
    socks5-client "~1.2.6"

socks5-https-client@^1.2.1:
  version "1.2.1"
  resolved "http://registry.npm.taobao.org/socks5-https-client/download/socks5-https-client-1.2.1.tgz#c8d4a000e39cdc1651d90245af04a735d75d8b09"
  dependencies:
    socks5-client "~1.2.3"

source-map@~0.6.1:
  version "0.6.1"
  resolved "http://registry.npm.taobao.org/source-map/download/source-map-0.6.1.tgz#74722af32e9614e9c287a8d0bbde48b5e2f1a263"

sprintf-js@1.1.0:
  version "1.1.0"
  resolved "http://registry.npm.taobao.org/sprintf-js/download/sprintf-js-1.1.0.tgz#cffcaf702daf65ea39bb4e0fa2b299cec1a1be46"

sshpk@^1.7.0:
  version "1.15.1"
  resolved "http://registry.npm.taobao.org/sshpk/download/sshpk-1.15.1.tgz#b79a089a732e346c6e0714830f36285cd38191a2"
  dependencies:
    asn1 "~0.2.3"
    assert-plus "^1.0.0"
    bcrypt-pbkdf "^1.0.0"
    dashdash "^1.12.0"
    ecc-jsbn "~0.1.1"
    getpass "^0.1.1"
    jsbn "~0.1.0"
    safer-buffer "^2.0.2"
    tweetnacl "~0.14.0"

"statuses@>= 1.4.0 < 2", "statuses@>= 1.5.0 < 2", statuses@^1.5.0:
  version "1.5.0"
  resolved "http://registry.npm.taobao.org/statuses/download/statuses-1.5.0.tgz#161c7dac177659fd9811f43771fa99381478628c"

stealthy-require@^1.1.0:
  version "1.1.1"
  resolved "http://registry.npm.taobao.org/stealthy-require/download/stealthy-require-1.1.1.tgz#35b09875b4ff49f26a777e509b3090a3226bf24b"

string_decoder@~1.1.1:
  version "1.1.1"
  resolved "http://registry.npm.taobao.org/string_decoder/download/string_decoder-1.1.1.tgz#9cf1611ba62685d7030ae9e4ba34149c3af03fc8"
  dependencies:
    safe-buffer "~5.1.0"

symbol-tree@^3.2.2:
  version "3.2.2"
  resolved "http://registry.npm.taobao.org/symbol-tree/download/symbol-tree-3.2.2.tgz#ae27db38f660a7ae2e1c3b7d1bc290819b8519e6"

timers-ext@^0.1.5:
  version "0.1.7"
  resolved "http://registry.npm.taobao.org/timers-ext/download/timers-ext-0.1.7.tgz#6f57ad8578e07a3fb9f91d9387d65647555e25c6"
  dependencies:
    es5-ext "~0.10.46"
    next-tick "1"

toidentifier@1.0.0:
  version "1.0.0"
  resolved "http://registry.npm.taobao.org/toidentifier/download/toidentifier-1.0.0.tgz#7e1be3470f1e77948bc43d94a3c8f4d7752ba553"

tough-cookie@>=2.3.3, tough-cookie@^2.4.3, tough-cookie@~2.4.3:
  version "2.4.3"
  resolved "http://registry.npm.taobao.org/tough-cookie/download/tough-cookie-2.4.3.tgz#53f36da3f47783b0925afa06ff9f3b165280f781"
  dependencies:
    psl "^1.1.24"
    punycode "^1.4.1"

tr46@^1.0.1:
  version "1.0.1"
  resolved "http://registry.npm.taobao.org/tr46/download/tr46-1.0.1.tgz#a8b13fd6bfd2489519674ccde55ba3693b706d09"
  dependencies:
    punycode "^2.1.0"

tunnel-agent@^0.6.0:
  version "0.6.0"
  resolved "http://registry.npm.taobao.org/tunnel-agent/download/tunnel-agent-0.6.0.tgz#27a5dea06b36b04a0a9966774b290868f0fc40fd"
  dependencies:
    safe-buffer "^5.0.1"

tweetnacl@^0.14.3, tweetnacl@~0.14.0:
  version "0.14.5"
  resolved "http://registry.npm.taobao.org/tweetnacl/download/tweetnacl-0.14.5.tgz#5ae68177f192d4456269d108afa93ff8743f4f64"

type-check@~0.3.2:
  version "0.3.2"
  resolved "http://registry.npm.taobao.org/type-check/download/type-check-0.3.2.tgz#5884cab512cf1d355e3fb784f30804b2b520db72"
  dependencies:
    prelude-ls "~1.1.2"

type-is@^1.6.16:
  version "1.6.16"
  resolved "http://registry.npm.taobao.org/type-is/download/type-is-1.6.16.tgz#f89ce341541c672b25ee7ae3c73dee3b2be50194"
  dependencies:
    media-typer "0.3.0"
    mime-types "~2.1.18"

unpipe@1.0.0:
  version "1.0.0"
  resolved "http://registry.npm.taobao.org/unpipe/download/unpipe-1.0.0.tgz#b2bf4ee8514aae6165b4817829d21b2ef49904ec"

util-deprecate@~1.0.1:
  version "1.0.2"
  resolved "http://registry.npm.taobao.org/util-deprecate/download/util-deprecate-1.0.2.tgz#450d4dc9fa70de732762fbd2d4a28981419a0ccf"

uuid@^3.3.2:
  version "3.3.2"
  resolved "http://registry.npm.taobao.org/uuid/download/uuid-3.3.2.tgz#1b4af4955eb3077c501c23872fc6513811587131"

vary@^1.1.2:
  version "1.1.2"
  resolved "http://registry.npm.taobao.org/vary/download/vary-1.1.2.tgz#2299f02c6ded30d4a5961b0b9f74524a18f634fc"

verror@1.10.0:
  version "1.10.0"
  resolved "http://registry.npm.taobao.org/verror/download/verror-1.10.0.tgz#3a105ca17053af55d6e270c1f8288682e18da400"
  dependencies:
    assert-plus "^1.0.0"
    core-util-is "1.0.2"
    extsprintf "^1.2.0"

w3c-hr-time@^1.0.1:
  version "1.0.1"
  resolved "http://registry.npm.taobao.org/w3c-hr-time/download/w3c-hr-time-1.0.1.tgz#82ac2bff63d950ea9e3189a58a65625fedf19045"
  dependencies:
    browser-process-hrtime "^0.1.2"

webidl-conversions@^4.0.2:
  version "4.0.2"
  resolved "http://registry.npm.taobao.org/webidl-conversions/download/webidl-conversions-4.0.2.tgz#a855980b1f0b6b359ba1d5d9fb39ae941faa63ad"

whatwg-encoding@^1.0.1, whatwg-encoding@^1.0.5:
  version "1.0.5"
  resolved "http://registry.npm.taobao.org/whatwg-encoding/download/whatwg-encoding-1.0.5.tgz#5abacf777c32166a51d085d6b4f3e7d27113ddb0"
  dependencies:
    iconv-lite "0.4.24"

whatwg-mimetype@^2.1.0, whatwg-mimetype@^2.2.0:
  version "2.2.0"
  resolved "http://registry.npm.taobao.org/whatwg-mimetype/download/whatwg-mimetype-2.2.0.tgz#a3d58ef10b76009b042d03e25591ece89b88d171"

whatwg-url@^7.0.0:
  version "7.0.0"
  resolved "http://registry.npm.taobao.org/whatwg-url/download/whatwg-url-7.0.0.tgz#fde926fa54a599f3adf82dff25a9f7be02dc6edd"
  dependencies:
    lodash.sortby "^4.7.0"
    tr46 "^1.0.1"
    webidl-conversions "^4.0.2"

wordwrap@~1.0.0:
  version "1.0.0"
  resolved "http://registry.npm.taobao.org/wordwrap/download/wordwrap-1.0.0.tgz#27584810891456a4171c8d0226441ade90cbcaeb"

ws@^6.1.0:
  version "6.1.0"
  resolved "http://registry.npm.taobao.org/ws/download/ws-6.1.0.tgz#119a9dbf92c54e190ec18d10e871d55c95cf9373"
  dependencies:
    async-limiter "~1.0.0"

xml-name-validator@^3.0.0:
  version "3.0.0"
  resolved "http://registry.npm.taobao.org/xml-name-validator/download/xml-name-validator-3.0.0.tgz#6ae73e06de4d8c6e47f9fb181f78d648ad457c6a"

xmlchars@^1.3.1:
  version "1.3.1"
  resolved "http://registry.npm.taobao.org/xmlchars/download/xmlchars-1.3.1.tgz#1dda035f833dbb4f86a0c28eaa6ca769214793cf"

ylru@^1.2.0:
  version "1.2.1"
  resolved "http://registry.npm.taobao.org/ylru/download/ylru-1.2.1.tgz#f576b63341547989c1de7ba288760923b27fe84f"
